
Microsoft Visual Studio Solution File, Format Version 12.00
# Visual Studio 15
VisualStudioVersion = 15.0.28307.1684
MinimumVisualStudioVersion = 10.0.40219.1
Project("{8BC9CEB8-8B4A-11D0-8D11-00A0C91BC942}") = "EOY_Project", "EOY_Project\EOY_Project.vcxproj", "{24A61B0A-0234-43E7-AB62-62A3156A1A98}"
EndProject
Global
	GlobalSection(SolutionConfigurationPlatforms) = preSolution
		Debug|x64 = Debug|x64
		Debug|x86 = Debug|x86
		Release|x64 = Release|x64
		Release|x86 = Release|x86
	EndGlobalSection
	GlobalSection(ProjectConfigurationPlatforms) = postSolution
		{24A61B0A-0234-43E7-AB62-62A3156A1A98}.Debug|x64.ActiveCfg = Debug|x64
		{24A61B0A-0234-43E7-AB62-62A3156A1A98}.Debug|x64.Build.0 = Debug|x64
		{24A61B0A-0234-43E7-AB62-62A3156A1A98}.Debug|x86.ActiveCfg = Debug|Win32
		{24A61B0A-0234-43E7-AB62-62A3156A1A98}.Debug|x86.Build.0 = Debug|Win32
		{24A61B0A-0234-43E7-AB62-62A3156A1A98}.Release|x64.ActiveCfg = Release|x64
		{24A61B0A-0234-43E7-AB62-62A3156A1A98}.Release|x64.Build.0 = Release|x64
		{24A61B0A-0234-43E7-AB62-62A3156A1A98}.Release|x86.ActiveCfg = Release|Win32
		{24A61B0A-0234-43E7-AB62-62A3156A1A98}.Release|x86.Build.0 = Release|Win32
	EndGlobalSection
	GlobalSection(SolutionProperties) = preSolution
		HideSolutionNode = FALSE
	EndGlobalSection
	GlobalSection(ExtensibilityGlobals) = postSolution
		SolutionGuid = {E0C45D2E-BB1C-4C05-AC92-0C4328B4A4FF}
	EndGlobalSection
EndGlobal
